github.com/pavel-v-chernykh/keystore-go v2.0.0+incompatible h1:P1Qb9RZTHcTmxIFPud52bBozpwlzKg4Hbkzi6oUQ2Xs=
github.com/pavel-v-chernykh/keystore-go v2.0.0+incompatible/go.mod h1:xlUlxe/2ItGlQyMTstqeDv9r3U4obH7xYd26TbDQutY=
golang.org/x/crypto v0.0.0-20190103213133-ff983b9c42bc h1:F5tKCVGp+MUAHhKp5MZtGqAlGX3+oCsiL1Q629FL90M=
golang.org/x/crypto v0.0.0-20190103213133-ff983b9c42bc/go.mod h1:6SG95UA2DQfeDnfUPMdvaQW0Q7yPrPDi9nlGo2tz2b4=
